
Microsoft Visual Studio Solution File, Format Version 12.00
# Visual Studio Version 18
VisualStudioVersion = 18.0.11111.16 d18.0
MinimumVisualStudioVersion = 10.0.40219.1
Project("{2150E333-8FDC-42A3-9474-1A3956D46DE8}") = "src", "src", "{827E0CD3-B72D-47B6-A68D-7590B98EB39B}"
EndProject
Project("{2150E333-8FDC-42A3-9474-1A3956D46DE8}") = "Desktop", "Desktop", "{2951E765-5F77-95BA-3D85-F41283DA5914}"
EndProject
Project("{FAE04EC0-301F-11D3-BF4B-00C04F79EFBC}") = "KeyCard.Desktop", "src\Desktop\KeyCard.Desktop\KeyCard.Desktop.csproj", "{0A876B6C-27B1-47D9-8108-4E8F08EFC5A7}"
EndProject
Project("{2150E333-8FDC-42A3-9474-1A3956D46DE8}") = "BackEnd", "BackEnd", "{02EA681E-C7D8-13C7-8484-4AC65E1B71E8}"
EndProject
Project("{FAE04EC0-301F-11D3-BF4B-00C04F79EFBC}") = "KeyCard.BusinessLogic", "src\Backend\KeyCard.BusinessLogic\KeyCard.BusinessLogic.csproj", "{B2E452D1-59E8-4772-834C-6569739F04CF}"
EndProject
Project("{FAE04EC0-301F-11D3-BF4B-00C04F79EFBC}") = "KeyCard.Core", "src\Backend\KeyCard.Core\KeyCard.Core.csproj", "{035B0BD9-C97D-4B89-9E2B-F33D606C59F9}"
EndProject
Project("{FAE04EC0-301F-11D3-BF4B-00C04F79EFBC}") = "KeyCard.Infrastructure", "src\Backend\KeyCard.Infrastructure\KeyCard.Infrastructure.csproj", "{F4FAED11-56D1-48C3-A0BF-28EA9A753FB8}"
EndProject
Project("{FAE04EC0-301F-11D3-BF4B-00C04F79EFBC}") = "KeyCard.Api", "src\Backend\KeyCard.Api\KeyCard.Api.csproj", "{C3A2E65A-ACEA-4A08-8690-0E296ABDDC9A}"
EndProject
Project("{2150E333-8FDC-42A3-9474-1A3956D46DE8}") = "Web", "Web", "{03997797-E7F5-0643-168D-B8EA7178C2FE}"
EndProject
Project("{FAE04EC0-301F-11D3-BF4B-00C04F79EFBC}") = "KeyCard.Web", "src\Web\KeyCard.Web\KeyCard.Web.csproj", "{1CD3404E-4B4C-4439-9605-39938AA7C377}"
EndProject
Project("{2150E333-8FDC-42A3-9474-1A3956D46DE8}") = "Solution Items", "Solution Items", "{08BCBED2-6D99-4A33-8139-4CCE76CD3C2B}"
	ProjectSection(SolutionItems) = preProject
		.vs\launch.vs.json = .vs\launch.vs.json
	EndProjectSection
EndProject
Global
	GlobalSection(SolutionConfigurationPlatforms) = preSolution
		Debug|Any CPU = Debug|Any CPU
		Debug|x64 = Debug|x64
		Debug|x86 = Debug|x86
		Release|Any CPU = Release|Any CPU
		Release|x64 = Release|x64
		Release|x86 = Release|x86
	EndGlobalSection
	GlobalSection(ProjectConfigurationPlatforms) = postSolution
		{0A876B6C-27B1-47D9-8108-4E8F08EFC5A7}.Debug|Any CPU.ActiveCfg = Debug|Any CPU
		{0A876B6C-27B1-47D9-8108-4E8F08EFC5A7}.Debug|Any CPU.Build.0 = Debug|Any CPU
		{0A876B6C-27B1-47D9-8108-4E8F08EFC5A7}.Debug|x64.ActiveCfg = Debug|Any CPU
		{0A876B6C-27B1-47D9-8108-4E8F08EFC5A7}.Debug|x64.Build.0 = Debug|Any CPU
		{0A876B6C-27B1-47D9-8108-4E8F08EFC5A7}.Debug|x86.ActiveCfg = Debug|Any CPU
		{0A876B6C-27B1-47D9-8108-4E8F08EFC5A7}.Debug|x86.Build.0 = Debug|Any CPU
		{0A876B6C-27B1-47D9-8108-4E8F08EFC5A7}.Release|Any CPU.ActiveCfg = Release|Any CPU
		{0A876B6C-27B1-47D9-8108-4E8F08EFC5A7}.Release|Any CPU.Build.0 = Release|Any CPU
		{0A876B6C-27B1-47D9-8108-4E8F08EFC5A7}.Release|x64.ActiveCfg = Release|Any CPU
		{0A876B6C-27B1-47D9-8108-4E8F08EFC5A7}.Release|x64.Build.0 = Release|Any CPU
		{0A876B6C-27B1-47D9-8108-4E8F08EFC5A7}.Release|x86.ActiveCfg = Release|Any CPU
		{0A876B6C-27B1-47D9-8108-4E8F08EFC5A7}.Release|x86.Build.0 = Release|Any CPU
		{B2E452D1-59E8-4772-834C-6569739F04CF}.Debug|Any CPU.ActiveCfg = Debug|Any CPU
		{B2E452D1-59E8-4772-834C-6569739F04CF}.Debug|Any CPU.Build.0 = Debug|Any CPU
		{B2E452D1-59E8-4772-834C-6569739F04CF}.Debug|x64.ActiveCfg = Debug|Any CPU
		{B2E452D1-59E8-4772-834C-6569739F04CF}.Debug|x64.Build.0 = Debug|Any CPU
		{B2E452D1-59E8-4772-834C-6569739F04CF}.Debug|x86.ActiveCfg = Debug|Any CPU
		{B2E452D1-59E8-4772-834C-6569739F04CF}.Debug|x86.Build.0 = Debug|Any CPU
		{B2E452D1-59E8-4772-834C-6569739F04CF}.Release|Any CPU.ActiveCfg = Release|Any CPU
		{B2E452D1-59E8-4772-834C-6569739F04CF}.Release|Any CPU.Build.0 = Release|Any CPU
		{B2E452D1-59E8-4772-834C-6569739F04CF}.Release|x64.ActiveCfg = Release|Any CPU
		{B2E452D1-59E8-4772-834C-6569739F04CF}.Release|x64.Build.0 = Release|Any CPU
		{B2E452D1-59E8-4772-834C-6569739F04CF}.Release|x86.ActiveCfg = Release|Any CPU
		{B2E452D1-59E8-4772-834C-6569739F04CF}.Release|x86.Build.0 = Release|Any CPU
		{035B0BD9-C97D-4B89-9E2B-F33D606C59F9}.Debug|Any CPU.ActiveCfg = Debug|Any CPU
		{035B0BD9-C97D-4B89-9E2B-F33D606C59F9}.Debug|Any CPU.Build.0 = Debug|Any CPU
		{035B0BD9-C97D-4B89-9E2B-F33D606C59F9}.Debug|x64.ActiveCfg = Debug|Any CPU
		{035B0BD9-C97D-4B89-9E2B-F33D606C59F9}.Debug|x64.Build.0 = Debug|Any CPU
		{035B0BD9-C97D-4B89-9E2B-F33D606C59F9}.Debug|x86.ActiveCfg = Debug|Any CPU
		{035B0BD9-C97D-4B89-9E2B-F33D606C59F9}.Debug|x86.Build.0 = Debug|Any CPU
		{035B0BD9-C97D-4B89-9E2B-F33D606C59F9}.Release|Any CPU.ActiveCfg = Release|Any CPU
		{035B0BD9-C97D-4B89-9E2B-F33D606C59F9}.Release|Any CPU.Build.0 = Release|Any CPU
		{035B0BD9-C97D-4B89-9E2B-F33D606C59F9}.Release|x64.ActiveCfg = Release|Any CPU
		{035B0BD9-C97D-4B89-9E2B-F33D606C59F9}.Release|x64.Build.0 = Release|Any CPU
		{035B0BD9-C97D-4B89-9E2B-F33D606C59F9}.Release|x86.ActiveCfg = Release|Any CPU
		{035B0BD9-C97D-4B89-9E2B-F33D606C59F9}.Release|x86.Build.0 = Release|Any CPU
		{F4FAED11-56D1-48C3-A0BF-28EA9A753FB8}.Debug|Any CPU.ActiveCfg = Debug|Any CPU
		{F4FAED11-56D1-48C3-A0BF-28EA9A753FB8}.Debug|Any CPU.Build.0 = Debug|Any CPU
		{F4FAED11-56D1-48C3-A0BF-28EA9A753FB8}.Debug|x64.ActiveCfg = Debug|Any CPU
		{F4FAED11-56D1-48C3-A0BF-28EA9A753FB8}.Debug|x64.Build.0 = Debug|Any CPU
		{F4FAED11-56D1-48C3-A0BF-28EA9A753FB8}.Debug|x86.ActiveCfg = Debug|Any CPU
		{F4FAED11-56D1-48C3-A0BF-28EA9A753FB8}.Debug|x86.Build.0 = Debug|Any CPU
		{F4FAED11-56D1-48C3-A0BF-28EA9A753FB8}.Release|Any CPU.ActiveCfg = Release|Any CPU
		{F4FAED11-56D1-48C3-A0BF-28EA9A753FB8}.Release|Any CPU.Build.0 = Release|Any CPU
		{F4FAED11-56D1-48C3-A0BF-28EA9A753FB8}.Release|x64.ActiveCfg = Release|Any CPU
		{F4FAED11-56D1-48C3-A0BF-28EA9A753FB8}.Release|x64.Build.0 = Release|Any CPU
		{F4FAED11-56D1-48C3-A0BF-28EA9A753FB8}.Release|x86.ActiveCfg = Release|Any CPU
		{F4FAED11-56D1-48C3-A0BF-28EA9A753FB8}.Release|x86.Build.0 = Release|Any CPU
		{C3A2E65A-ACEA-4A08-8690-0E296ABDDC9A}.Debug|Any CPU.ActiveCfg = Debug|Any CPU
		{C3A2E65A-ACEA-4A08-8690-0E296ABDDC9A}.Debug|Any CPU.Build.0 = Debug|Any CPU
		{C3A2E65A-ACEA-4A08-8690-0E296ABDDC9A}.Debug|x64.ActiveCfg = Debug|Any CPU
		{C3A2E65A-ACEA-4A08-8690-0E296ABDDC9A}.Debug|x64.Build.0 = Debug|Any CPU
		{C3A2E65A-ACEA-4A08-8690-0E296ABDDC9A}.Debug|x86.ActiveCfg = Debug|Any CPU
		{C3A2E65A-ACEA-4A08-8690-0E296ABDDC9A}.Debug|x86.Build.0 = Debug|Any CPU
		{C3A2E65A-ACEA-4A08-8690-0E296ABDDC9A}.Release|Any CPU.ActiveCfg = Release|Any CPU
		{C3A2E65A-ACEA-4A08-8690-0E296ABDDC9A}.Release|Any CPU.Build.0 = Release|Any CPU
		{C3A2E65A-ACEA-4A08-8690-0E296ABDDC9A}.Release|x64.ActiveCfg = Release|Any CPU
		{C3A2E65A-ACEA-4A08-8690-0E296ABDDC9A}.Release|x64.Build.0 = Release|Any CPU
		{C3A2E65A-ACEA-4A08-8690-0E296ABDDC9A}.Release|x86.ActiveCfg = Release|Any CPU
		{C3A2E65A-ACEA-4A08-8690-0E296ABDDC9A}.Release|x86.Build.0 = Release|Any CPU
		{1CD3404E-4B4C-4439-9605-39938AA7C377}.Debug|Any CPU.ActiveCfg = Debug|Any CPU
		{1CD3404E-4B4C-4439-9605-39938AA7C377}.Debug|Any CPU.Build.0 = Debug|Any CPU
		{1CD3404E-4B4C-4439-9605-39938AA7C377}.Debug|x64.ActiveCfg = Debug|Any CPU
		{1CD3404E-4B4C-4439-9605-39938AA7C377}.Debug|x64.Build.0 = Debug|Any CPU
		{1CD3404E-4B4C-4439-9605-39938AA7C377}.Debug|x86.ActiveCfg = Debug|Any CPU
		{1CD3404E-4B4C-4439-9605-39938AA7C377}.Debug|x86.Build.0 = Debug|Any CPU
		{1CD3404E-4B4C-4439-9605-39938AA7C377}.Release|Any CPU.ActiveCfg = Release|Any CPU
		{1CD3404E-4B4C-4439-9605-39938AA7C377}.Release|Any CPU.Build.0 = Release|Any CPU
		{1CD3404E-4B4C-4439-9605-39938AA7C377}.Release|x64.ActiveCfg = Release|Any CPU
		{1CD3404E-4B4C-4439-9605-39938AA7C377}.Release|x64.Build.0 = Release|Any CPU
		{1CD3404E-4B4C-4439-9605-39938AA7C377}.Release|x86.ActiveCfg = Release|Any CPU
		{1CD3404E-4B4C-4439-9605-39938AA7C377}.Release|x86.Build.0 = Release|Any CPU
	EndGlobalSection
	GlobalSection(SolutionProperties) = preSolution
		HideSolutionNode = FALSE
	EndGlobalSection
	GlobalSection(NestedProjects) = preSolution
		{2951E765-5F77-95BA-3D85-F41283DA5914} = {827E0CD3-B72D-47B6-A68D-7590B98EB39B}
		{0A876B6C-27B1-47D9-8108-4E8F08EFC5A7} = {2951E765-5F77-95BA-3D85-F41283DA5914}
		{02EA681E-C7D8-13C7-8484-4AC65E1B71E8} = {827E0CD3-B72D-47B6-A68D-7590B98EB39B}
		{B2E452D1-59E8-4772-834C-6569739F04CF} = {02EA681E-C7D8-13C7-8484-4AC65E1B71E8}
		{035B0BD9-C97D-4B89-9E2B-F33D606C59F9} = {02EA681E-C7D8-13C7-8484-4AC65E1B71E8}
		{F4FAED11-56D1-48C3-A0BF-28EA9A753FB8} = {02EA681E-C7D8-13C7-8484-4AC65E1B71E8}
		{C3A2E65A-ACEA-4A08-8690-0E296ABDDC9A} = {02EA681E-C7D8-13C7-8484-4AC65E1B71E8}
		{03997797-E7F5-0643-168D-B8EA7178C2FE} = {827E0CD3-B72D-47B6-A68D-7590B98EB39B}
		{1CD3404E-4B4C-4439-9605-39938AA7C377} = {03997797-E7F5-0643-168D-B8EA7178C2FE}
	EndGlobalSection
	GlobalSection(ExtensibilityGlobals) = postSolution
		SolutionGuid = {03B0C7BC-7830-4C2E-9D73-750E18214F5C}
	EndGlobalSection
EndGlobal
