
Microsoft Visual Studio Solution File, Format Version 12.00
# Visual Studio Version 17
VisualStudioVersion = 17.5.2.0
MinimumVisualStudioVersion = 10.0.40219.1
Project("{2150E333-8FDC-42A3-9474-1A3956D46DE8}") = "src", "src", "{827E0CD3-B72D-47B6-A68D-7590B98EB39B}"
EndProject
Project("{2150E333-8FDC-42A3-9474-1A3956D46DE8}") = "Web", "Web", "{03997797-E7F5-0643-168D-B8EA7178C2FE}"
EndProject
Project("{FAE04EC0-301F-11D3-BF4B-00C04F79EFBC}") = "KeyCard.Web", "src\Web\KeyCard.Web.csproj", "{51266A0D-AAF3-443B-9C17-D8FE4F92CFAA}"
EndProject
Project("{2150E333-8FDC-42A3-9474-1A3956D46DE8}") = "Backend", "Backend", "{FE360695-3F2B-1049-3887-35FBB5135923}"
EndProject
Project("{FAE04EC0-301F-11D3-BF4B-00C04F79EFBC}") = "KeyCard.Domain", "src\Backend\KeyCard.Domain\KeyCard.Domain.csproj", "{BD29B6B3-D701-4D0A-B920-12BB1C6E9C6A}"
EndProject
Project("{FAE04EC0-301F-11D3-BF4B-00C04F79EFBC}") = "KeyCard.Application", "src\Backend\KeyCard.Application\KeyCard.Application.csproj", "{2EBC9A8D-04C1-4C2A-8874-CF6D46D8629A}"
EndProject
Project("{FAE04EC0-301F-11D3-BF4B-00C04F79EFBC}") = "KeyCard.Infrastructure", "src\Backend\KeyCard.Infrastructure\KeyCard.Infrastructure.csproj", "{34C39D2E-9789-4996-816F-7746AB278DA4}"
EndProject
Project("{FAE04EC0-301F-11D3-BF4B-00C04F79EFBC}") = "KeyCard.Contracts", "src\Backend\KeyCard.Contracts\KeyCard.Contracts.csproj", "{D1B100E5-2EA8-4C21-9091-AE17E70DF80F}"
EndProject
Project("{2150E333-8FDC-42A3-9474-1A3956D46DE8}") = "Desktop", "Desktop", "{2951E765-5F77-95BA-3D85-F41283DA5914}"
EndProject
Project("{FAE04EC0-301F-11D3-BF4B-00C04F79EFBC}") = "KeyCard.Desktop", "src\Desktop\KeyCard.Desktop\KeyCard.Desktop.csproj", "{0A876B6C-27B1-47D9-8108-4E8F08EFC5A7}"
EndProject
Project("{FAE04EC0-301F-11D3-BF4B-00C04F79EFBC}") = "KeyCard.Api", "src\Backend\KeyCard.Api\KeyCard.Api.csproj", "{CCF48C27-4400-4F8F-946C-772781C5C45C}"
EndProject
Global
	GlobalSection(SolutionConfigurationPlatforms) = preSolution
		Debug|Any CPU = Debug|Any CPU
		Debug|x64 = Debug|x64
		Debug|x86 = Debug|x86
		Release|Any CPU = Release|Any CPU
		Release|x64 = Release|x64
		Release|x86 = Release|x86
	EndGlobalSection
	GlobalSection(ProjectConfigurationPlatforms) = postSolution
		{51266A0D-AAF3-443B-9C17-D8FE4F92CFAA}.Debug|Any CPU.ActiveCfg = Debug|Any CPU
		{51266A0D-AAF3-443B-9C17-D8FE4F92CFAA}.Debug|Any CPU.Build.0 = Debug|Any CPU
		{51266A0D-AAF3-443B-9C17-D8FE4F92CFAA}.Debug|x64.ActiveCfg = Debug|Any CPU
		{51266A0D-AAF3-443B-9C17-D8FE4F92CFAA}.Debug|x64.Build.0 = Debug|Any CPU
		{51266A0D-AAF3-443B-9C17-D8FE4F92CFAA}.Debug|x86.ActiveCfg = Debug|Any CPU
		{51266A0D-AAF3-443B-9C17-D8FE4F92CFAA}.Debug|x86.Build.0 = Debug|Any CPU
		{51266A0D-AAF3-443B-9C17-D8FE4F92CFAA}.Release|Any CPU.ActiveCfg = Release|Any CPU
		{51266A0D-AAF3-443B-9C17-D8FE4F92CFAA}.Release|Any CPU.Build.0 = Release|Any CPU
		{51266A0D-AAF3-443B-9C17-D8FE4F92CFAA}.Release|x64.ActiveCfg = Release|Any CPU
		{51266A0D-AAF3-443B-9C17-D8FE4F92CFAA}.Release|x64.Build.0 = Release|Any CPU
		{51266A0D-AAF3-443B-9C17-D8FE4F92CFAA}.Release|x86.ActiveCfg = Release|Any CPU
		{51266A0D-AAF3-443B-9C17-D8FE4F92CFAA}.Release|x86.Build.0 = Release|Any CPU
		{BD29B6B3-D701-4D0A-B920-12BB1C6E9C6A}.Debug|Any CPU.ActiveCfg = Debug|Any CPU
		{BD29B6B3-D701-4D0A-B920-12BB1C6E9C6A}.Debug|Any CPU.Build.0 = Debug|Any CPU
		{BD29B6B3-D701-4D0A-B920-12BB1C6E9C6A}.Debug|x64.ActiveCfg = Debug|Any CPU
		{BD29B6B3-D701-4D0A-B920-12BB1C6E9C6A}.Debug|x64.Build.0 = Debug|Any CPU
		{BD29B6B3-D701-4D0A-B920-12BB1C6E9C6A}.Debug|x86.ActiveCfg = Debug|Any CPU
		{BD29B6B3-D701-4D0A-B920-12BB1C6E9C6A}.Debug|x86.Build.0 = Debug|Any CPU
		{BD29B6B3-D701-4D0A-B920-12BB1C6E9C6A}.Release|Any CPU.ActiveCfg = Release|Any CPU
		{BD29B6B3-D701-4D0A-B920-12BB1C6E9C6A}.Release|Any CPU.Build.0 = Release|Any CPU
		{BD29B6B3-D701-4D0A-B920-12BB1C6E9C6A}.Release|x64.ActiveCfg = Release|Any CPU
		{BD29B6B3-D701-4D0A-B920-12BB1C6E9C6A}.Release|x64.Build.0 = Release|Any CPU
		{BD29B6B3-D701-4D0A-B920-12BB1C6E9C6A}.Release|x86.ActiveCfg = Release|Any CPU
		{BD29B6B3-D701-4D0A-B920-12BB1C6E9C6A}.Release|x86.Build.0 = Release|Any CPU
		{2EBC9A8D-04C1-4C2A-8874-CF6D46D8629A}.Debug|Any CPU.ActiveCfg = Debug|Any CPU
		{2EBC9A8D-04C1-4C2A-8874-CF6D46D8629A}.Debug|Any CPU.Build.0 = Debug|Any CPU
		{2EBC9A8D-04C1-4C2A-8874-CF6D46D8629A}.Debug|x64.ActiveCfg = Debug|Any CPU
		{2EBC9A8D-04C1-4C2A-8874-CF6D46D8629A}.Debug|x64.Build.0 = Debug|Any CPU
		{2EBC9A8D-04C1-4C2A-8874-CF6D46D8629A}.Debug|x86.ActiveCfg = Debug|Any CPU
		{2EBC9A8D-04C1-4C2A-8874-CF6D46D8629A}.Debug|x86.Build.0 = Debug|Any CPU
		{2EBC9A8D-04C1-4C2A-8874-CF6D46D8629A}.Release|Any CPU.ActiveCfg = Release|Any CPU
		{2EBC9A8D-04C1-4C2A-8874-CF6D46D8629A}.Release|Any CPU.Build.0 = Release|Any CPU
		{2EBC9A8D-04C1-4C2A-8874-CF6D46D8629A}.Release|x64.ActiveCfg = Release|Any CPU
		{2EBC9A8D-04C1-4C2A-8874-CF6D46D8629A}.Release|x64.Build.0 = Release|Any CPU
		{2EBC9A8D-04C1-4C2A-8874-CF6D46D8629A}.Release|x86.ActiveCfg = Release|Any CPU
		{2EBC9A8D-04C1-4C2A-8874-CF6D46D8629A}.Release|x86.Build.0 = Release|Any CPU
		{34C39D2E-9789-4996-816F-7746AB278DA4}.Debug|Any CPU.ActiveCfg = Debug|Any CPU
		{34C39D2E-9789-4996-816F-7746AB278DA4}.Debug|Any CPU.Build.0 = Debug|Any CPU
		{34C39D2E-9789-4996-816F-7746AB278DA4}.Debug|x64.ActiveCfg = Debug|Any CPU
		{34C39D2E-9789-4996-816F-7746AB278DA4}.Debug|x64.Build.0 = Debug|Any CPU
		{34C39D2E-9789-4996-816F-7746AB278DA4}.Debug|x86.ActiveCfg = Debug|Any CPU
		{34C39D2E-9789-4996-816F-7746AB278DA4}.Debug|x86.Build.0 = Debug|Any CPU
		{34C39D2E-9789-4996-816F-7746AB278DA4}.Release|Any CPU.ActiveCfg = Release|Any CPU
		{34C39D2E-9789-4996-816F-7746AB278DA4}.Release|Any CPU.Build.0 = Release|Any CPU
		{34C39D2E-9789-4996-816F-7746AB278DA4}.Release|x64.ActiveCfg = Release|Any CPU
		{34C39D2E-9789-4996-816F-7746AB278DA4}.Release|x64.Build.0 = Release|Any CPU
		{34C39D2E-9789-4996-816F-7746AB278DA4}.Release|x86.ActiveCfg = Release|Any CPU
		{34C39D2E-9789-4996-816F-7746AB278DA4}.Release|x86.Build.0 = Release|Any CPU
		{D1B100E5-2EA8-4C21-9091-AE17E70DF80F}.Debug|Any CPU.ActiveCfg = Debug|Any CPU
		{D1B100E5-2EA8-4C21-9091-AE17E70DF80F}.Debug|Any CPU.Build.0 = Debug|Any CPU
		{D1B100E5-2EA8-4C21-9091-AE17E70DF80F}.Debug|x64.ActiveCfg = Debug|Any CPU
		{D1B100E5-2EA8-4C21-9091-AE17E70DF80F}.Debug|x64.Build.0 = Debug|Any CPU
		{D1B100E5-2EA8-4C21-9091-AE17E70DF80F}.Debug|x86.ActiveCfg = Debug|Any CPU
		{D1B100E5-2EA8-4C21-9091-AE17E70DF80F}.Debug|x86.Build.0 = Debug|Any CPU
		{D1B100E5-2EA8-4C21-9091-AE17E70DF80F}.Release|Any CPU.ActiveCfg = Release|Any CPU
		{D1B100E5-2EA8-4C21-9091-AE17E70DF80F}.Release|Any CPU.Build.0 = Release|Any CPU
		{D1B100E5-2EA8-4C21-9091-AE17E70DF80F}.Release|x64.ActiveCfg = Release|Any CPU
		{D1B100E5-2EA8-4C21-9091-AE17E70DF80F}.Release|x64.Build.0 = Release|Any CPU
		{D1B100E5-2EA8-4C21-9091-AE17E70DF80F}.Release|x86.ActiveCfg = Release|Any CPU
		{D1B100E5-2EA8-4C21-9091-AE17E70DF80F}.Release|x86.Build.0 = Release|Any CPU
		{0A876B6C-27B1-47D9-8108-4E8F08EFC5A7}.Debug|Any CPU.ActiveCfg = Debug|Any CPU
		{0A876B6C-27B1-47D9-8108-4E8F08EFC5A7}.Debug|Any CPU.Build.0 = Debug|Any CPU
		{0A876B6C-27B1-47D9-8108-4E8F08EFC5A7}.Debug|x64.ActiveCfg = Debug|Any CPU
		{0A876B6C-27B1-47D9-8108-4E8F08EFC5A7}.Debug|x64.Build.0 = Debug|Any CPU
		{0A876B6C-27B1-47D9-8108-4E8F08EFC5A7}.Debug|x86.ActiveCfg = Debug|Any CPU
		{0A876B6C-27B1-47D9-8108-4E8F08EFC5A7}.Debug|x86.Build.0 = Debug|Any CPU
		{0A876B6C-27B1-47D9-8108-4E8F08EFC5A7}.Release|Any CPU.ActiveCfg = Release|Any CPU
		{0A876B6C-27B1-47D9-8108-4E8F08EFC5A7}.Release|Any CPU.Build.0 = Release|Any CPU
		{0A876B6C-27B1-47D9-8108-4E8F08EFC5A7}.Release|x64.ActiveCfg = Release|Any CPU
		{0A876B6C-27B1-47D9-8108-4E8F08EFC5A7}.Release|x64.Build.0 = Release|Any CPU
		{0A876B6C-27B1-47D9-8108-4E8F08EFC5A7}.Release|x86.ActiveCfg = Release|Any CPU
		{0A876B6C-27B1-47D9-8108-4E8F08EFC5A7}.Release|x86.Build.0 = Release|Any CPU
		{CCF48C27-4400-4F8F-946C-772781C5C45C}.Debug|Any CPU.ActiveCfg = Debug|Any CPU
		{CCF48C27-4400-4F8F-946C-772781C5C45C}.Debug|Any CPU.Build.0 = Debug|Any CPU
		{CCF48C27-4400-4F8F-946C-772781C5C45C}.Debug|x64.ActiveCfg = Debug|Any CPU
		{CCF48C27-4400-4F8F-946C-772781C5C45C}.Debug|x64.Build.0 = Debug|Any CPU
		{CCF48C27-4400-4F8F-946C-772781C5C45C}.Debug|x86.ActiveCfg = Debug|Any CPU
		{CCF48C27-4400-4F8F-946C-772781C5C45C}.Debug|x86.Build.0 = Debug|Any CPU
		{CCF48C27-4400-4F8F-946C-772781C5C45C}.Release|Any CPU.ActiveCfg = Release|Any CPU
		{CCF48C27-4400-4F8F-946C-772781C5C45C}.Release|Any CPU.Build.0 = Release|Any CPU
		{CCF48C27-4400-4F8F-946C-772781C5C45C}.Release|x64.ActiveCfg = Release|Any CPU
		{CCF48C27-4400-4F8F-946C-772781C5C45C}.Release|x64.Build.0 = Release|Any CPU
		{CCF48C27-4400-4F8F-946C-772781C5C45C}.Release|x86.ActiveCfg = Release|Any CPU
		{CCF48C27-4400-4F8F-946C-772781C5C45C}.Release|x86.Build.0 = Release|Any CPU
	EndGlobalSection
	GlobalSection(SolutionProperties) = preSolution
		HideSolutionNode = FALSE
	EndGlobalSection
	GlobalSection(NestedProjects) = preSolution
		{03997797-E7F5-0643-168D-B8EA7178C2FE} = {827E0CD3-B72D-47B6-A68D-7590B98EB39B}
		{51266A0D-AAF3-443B-9C17-D8FE4F92CFAA} = {03997797-E7F5-0643-168D-B8EA7178C2FE}
		{FE360695-3F2B-1049-3887-35FBB5135923} = {827E0CD3-B72D-47B6-A68D-7590B98EB39B}
		{BD29B6B3-D701-4D0A-B920-12BB1C6E9C6A} = {FE360695-3F2B-1049-3887-35FBB5135923}
		{2EBC9A8D-04C1-4C2A-8874-CF6D46D8629A} = {FE360695-3F2B-1049-3887-35FBB5135923}
		{34C39D2E-9789-4996-816F-7746AB278DA4} = {FE360695-3F2B-1049-3887-35FBB5135923}
		{D1B100E5-2EA8-4C21-9091-AE17E70DF80F} = {FE360695-3F2B-1049-3887-35FBB5135923}
		{2951E765-5F77-95BA-3D85-F41283DA5914} = {827E0CD3-B72D-47B6-A68D-7590B98EB39B}
		{0A876B6C-27B1-47D9-8108-4E8F08EFC5A7} = {2951E765-5F77-95BA-3D85-F41283DA5914}
		{CCF48C27-4400-4F8F-946C-772781C5C45C} = {FE360695-3F2B-1049-3887-35FBB5135923}
	EndGlobalSection
	GlobalSection(ExtensibilityGlobals) = postSolution
		SolutionGuid = {03B0C7BC-7830-4C2E-9D73-750E18214F5C}
	EndGlobalSection
EndGlobal
